
Microsoft Visual Studio Solution File, Format Version 12.00
# Visual Studio Version 17
VisualStudioVersion = 17.0.31903.59
MinimumVisualStudioVersion = 10.0.40219.1
Project("{FAE04EC0-301F-11D3-BF4B-00C04F79EFBC}") = "WebApi", "WebApi\WebApi.csproj", "{2684D386-88ED-4F93-BB42-504207229A71}"
EndProject
Project("{FAE04EC0-301F-11D3-BF4B-00C04F79EFBC}") = "Entities", "Entities\Entities.csproj", "{DF13FAAD-DB02-48D1-98F3-EE640FAA33A4}"
EndProject
Project("{FAE04EC0-301F-11D3-BF4B-00C04F79EFBC}") = "Repositories", "Repositories\Repositories.csproj", "{FE3A7C19-7D2A-42FF-83D7-A60C7C8600B9}"
EndProject
Project("{FAE04EC0-301F-11D3-BF4B-00C04F79EFBC}") = "Services", "Services\Services.csproj", "{2D4FD245-9D12-4E87-86EC-A085A1267924}"
EndProject
Project("{FAE04EC0-301F-11D3-BF4B-00C04F79EFBC}") = "Presentation", "Presentation\Presentation.csproj", "{70CE13B4-7A4A-4029-A4A6-4568E6ACA64D}"
EndProject
Global
	GlobalSection(SolutionConfigurationPlatforms) = preSolution
		Debug|Any CPU = Debug|Any CPU
		Release|Any CPU = Release|Any CPU
	EndGlobalSection
	GlobalSection(ProjectConfigurationPlatforms) = postSolution
		{2684D386-88ED-4F93-BB42-504207229A71}.Debug|Any CPU.ActiveCfg = Debug|Any CPU
		{2684D386-88ED-4F93-BB42-504207229A71}.Debug|Any CPU.Build.0 = Debug|Any CPU
		{2684D386-88ED-4F93-BB42-504207229A71}.Release|Any CPU.ActiveCfg = Release|Any CPU
		{2684D386-88ED-4F93-BB42-504207229A71}.Release|Any CPU.Build.0 = Release|Any CPU
		{DF13FAAD-DB02-48D1-98F3-EE640FAA33A4}.Debug|Any CPU.ActiveCfg = Debug|Any CPU
		{DF13FAAD-DB02-48D1-98F3-EE640FAA33A4}.Debug|Any CPU.Build.0 = Debug|Any CPU
		{DF13FAAD-DB02-48D1-98F3-EE640FAA33A4}.Release|Any CPU.ActiveCfg = Release|Any CPU
		{DF13FAAD-DB02-48D1-98F3-EE640FAA33A4}.Release|Any CPU.Build.0 = Release|Any CPU
		{FE3A7C19-7D2A-42FF-83D7-A60C7C8600B9}.Debug|Any CPU.ActiveCfg = Debug|Any CPU
		{FE3A7C19-7D2A-42FF-83D7-A60C7C8600B9}.Debug|Any CPU.Build.0 = Debug|Any CPU
		{FE3A7C19-7D2A-42FF-83D7-A60C7C8600B9}.Release|Any CPU.ActiveCfg = Release|Any CPU
		{FE3A7C19-7D2A-42FF-83D7-A60C7C8600B9}.Release|Any CPU.Build.0 = Release|Any CPU
		{2D4FD245-9D12-4E87-86EC-A085A1267924}.Debug|Any CPU.ActiveCfg = Debug|Any CPU
		{2D4FD245-9D12-4E87-86EC-A085A1267924}.Debug|Any CPU.Build.0 = Debug|Any CPU
		{2D4FD245-9D12-4E87-86EC-A085A1267924}.Release|Any CPU.ActiveCfg = Release|Any CPU
		{2D4FD245-9D12-4E87-86EC-A085A1267924}.Release|Any CPU.Build.0 = Release|Any CPU
		{70CE13B4-7A4A-4029-A4A6-4568E6ACA64D}.Debug|Any CPU.ActiveCfg = Debug|Any CPU
		{70CE13B4-7A4A-4029-A4A6-4568E6ACA64D}.Debug|Any CPU.Build.0 = Debug|Any CPU
		{70CE13B4-7A4A-4029-A4A6-4568E6ACA64D}.Release|Any CPU.ActiveCfg = Release|Any CPU
		{70CE13B4-7A4A-4029-A4A6-4568E6ACA64D}.Release|Any CPU.Build.0 = Release|Any CPU
	EndGlobalSection
	GlobalSection(SolutionProperties) = preSolution
		HideSolutionNode = FALSE
	EndGlobalSection
	GlobalSection(ExtensibilityGlobals) = postSolution
		SolutionGuid = {BE965D7C-8580-4B8C-A907-8FF439F484F4}
	EndGlobalSection
EndGlobal
